{
  "name": "extension",
  "lockfileVersion": 2,
  "requires": true,
  "packages": {
    "": {
      "dependencies": {
        "html-element-picker": "^1.1.2"
      }
    },
    "node_modules/html-element-picker": {
      "version": "1.1.2",
      "resolved": "https://registry.npmjs.org/html-element-picker/-/html-element-picker-1.1.2.tgz",
      "integrity": "sha512-ckHIiZGgjjMCvn8Ij7utJ51pyQLMYAnHt3JIForYDvlSiZZDeyYNh291tExlOiKY61YvndMnLqpDelUXGOhB5g=="
    }
  },
  "dependencies": {
    "html-element-picker": {
      "version": "1.1.2",
      "resolved": "https://registry.npmjs.org/html-element-picker/-/html-element-picker-1.1.2.tgz",
      "integrity": "sha512-ckHIiZGgjjMCvn8Ij7utJ51pyQLMYAnHt3JIForYDvlSiZZDeyYNh291tExlOiKY61YvndMnLqpDelUXGOhB5g=="
    }
  }
}
